
Microsoft Visual Studio Solution File, Format Version 12.00
Project("{FAE04EC0-301F-11D3-BF4B-00C04F79EFBC}") = "c-sharp-assignment-shb-bank", "c-sharp-assignment-shb-bank\c-sharp-assignment-shb-bank.csproj", "{6012F004-14D9-493D-9C1C-40AD2EA38D32}"
EndProject
Global
	GlobalSection(SolutionConfigurationPlatforms) = preSolution
		Debug|Any CPU = Debug|Any CPU
		Release|Any CPU = Release|Any CPU
	EndGlobalSection
	GlobalSection(ProjectConfigurationPlatforms) = postSolution
		{6012F004-14D9-493D-9C1C-40AD2EA38D32}.Debug|Any CPU.ActiveCfg = Debug|Any CPU
		{6012F004-14D9-493D-9C1C-40AD2EA38D32}.Debug|Any CPU.Build.0 = Debug|Any CPU
		{6012F004-14D9-493D-9C1C-40AD2EA38D32}.Release|Any CPU.ActiveCfg = Release|Any CPU
		{6012F004-14D9-493D-9C1C-40AD2EA38D32}.Release|Any CPU.Build.0 = Release|Any CPU
	EndGlobalSection
EndGlobal
